
Microsoft Visual Studio Solution File, Format Version 12.00
# Visual Studio 14
VisualStudioVersion = 14.0.22512.0
MinimumVisualStudioVersion = 10.0.40219.1
Project("{FAE04EC0-301F-11D3-BF4B-00C04F79EFBC}") = "WikiDive", "WikiDive\WikiDive.csproj", "{57544859-6ED2-4DD0-9942-0CC68F00B763}"
EndProject
Project("{FAE04EC0-301F-11D3-BF4B-00C04F79EFBC}") = "WikiDive.Tests", "WikiDive.Tests\WikiDive.Tests.csproj", "{B660D530-4F1C-49CA-9CC1-FB21B75C04AA}"
EndProject
Project("{2150E333-8FDC-42A3-9474-1A3956D46DE8}") = ".nuget", ".nuget", "{8111E068-2827-4635-80C2-AF429A9D96FC}"
	ProjectSection(SolutionItems) = preProject
		.nuget\packages.config = .nuget\packages.config
	EndProjectSection
EndProject
Project("{2150E333-8FDC-42A3-9474-1A3956D46DE8}") = "PublishScripts", "PublishScripts", "{85583358-C0AD-4477-A337-D07F4877A3E7}"
	ProjectSection(SolutionItems) = preProject
		PublishScripts\AzureWebsitePublishModule.psm1 = PublishScripts\AzureWebsitePublishModule.psm1
		PublishScripts\Publish-WebApplicationWebsite.ps1 = PublishScripts\Publish-WebApplicationWebsite.ps1
	EndProjectSection
EndProject
Project("{2150E333-8FDC-42A3-9474-1A3956D46DE8}") = "Configurations", "Configurations", "{BE153DE3-5461-4583-9689-D1CA8A124EBA}"
	ProjectSection(SolutionItems) = preProject
		PublishScripts\Configurations\WikiDive-WAWS-dev.json = PublishScripts\Configurations\WikiDive-WAWS-dev.json
	EndProjectSection
EndProject
Global
	GlobalSection(SolutionConfigurationPlatforms) = preSolution
		Debug|Any CPU = Debug|Any CPU
		Release|Any CPU = Release|Any CPU
	EndGlobalSection
	GlobalSection(ProjectConfigurationPlatforms) = postSolution
		{57544859-6ED2-4DD0-9942-0CC68F00B763}.Debug|Any CPU.ActiveCfg = Debug|Any CPU
		{57544859-6ED2-4DD0-9942-0CC68F00B763}.Debug|Any CPU.Build.0 = Debug|Any CPU
		{57544859-6ED2-4DD0-9942-0CC68F00B763}.Release|Any CPU.ActiveCfg = Release|Any CPU
		{57544859-6ED2-4DD0-9942-0CC68F00B763}.Release|Any CPU.Build.0 = Release|Any CPU
		{B660D530-4F1C-49CA-9CC1-FB21B75C04AA}.Debug|Any CPU.ActiveCfg = Debug|Any CPU
		{B660D530-4F1C-49CA-9CC1-FB21B75C04AA}.Debug|Any CPU.Build.0 = Debug|Any CPU
		{B660D530-4F1C-49CA-9CC1-FB21B75C04AA}.Release|Any CPU.ActiveCfg = Release|Any CPU
		{B660D530-4F1C-49CA-9CC1-FB21B75C04AA}.Release|Any CPU.Build.0 = Release|Any CPU
	EndGlobalSection
	GlobalSection(SolutionProperties) = preSolution
		HideSolutionNode = FALSE
	EndGlobalSection
	GlobalSection(NestedProjects) = preSolution
		{BE153DE3-5461-4583-9689-D1CA8A124EBA} = {85583358-C0AD-4477-A337-D07F4877A3E7}
	EndGlobalSection
EndGlobal
